
Microsoft Visual Studio Solution File, Format Version 12.00
# Visual Studio 15
VisualStudioVersion = 15.0.27004.2005
MinimumVisualStudioVersion = 10.0.40219.1
Project("{D954291E-2A0B-460D-934E-DC6B0785DB48}") = "App1", "App1\App1\App1.shproj", "{A9195F29-84DA-4673-A618-3533DDF9E686}"
EndProject
Project("{FAE04EC0-301F-11D3-BF4B-00C04F79EFBC}") = "App1.Android", "App1\App1.Android\App1.Android.csproj", "{8E7D5008-31AB-457B-BF42-BAF230134A9E}"
EndProject
Project("{FAE04EC0-301F-11D3-BF4B-00C04F79EFBC}") = "App1.iOS", "App1\App1.iOS\App1.iOS.csproj", "{813E5BAB-5FB4-4967-8882-F4B0C0EED07F}"
EndProject
Project("{FAE04EC0-301F-11D3-BF4B-00C04F79EFBC}") = "App1.UWP", "App1\App1.UWP\App1.UWP.csproj", "{4788BA26-6C1E-4819-A710-B07084A3961D}"
EndProject
Global
	GlobalSection(SharedMSBuildProjectFiles) = preSolution
		App1\App1\App1.projitems*{4788ba26-6c1e-4819-a710-b07084a3961d}*SharedItemsImports = 4
		App1\App1\App1.projitems*{813e5bab-5fb4-4967-8882-f4b0c0eed07f}*SharedItemsImports = 4
		App1\App1\App1.projitems*{8e7d5008-31ab-457b-bf42-baf230134a9e}*SharedItemsImports = 4
		App1\App1\App1.projitems*{a9195f29-84da-4673-a618-3533ddf9e686}*SharedItemsImports = 13
	EndGlobalSection
	GlobalSection(SolutionConfigurationPlatforms) = preSolution
		Ad-Hoc|Any CPU = Ad-Hoc|Any CPU
		Ad-Hoc|ARM = Ad-Hoc|ARM
		Ad-Hoc|iPhone = Ad-Hoc|iPhone
		Ad-Hoc|iPhoneSimulator = Ad-Hoc|iPhoneSimulator
		Ad-Hoc|x64 = Ad-Hoc|x64
		Ad-Hoc|x86 = Ad-Hoc|x86
		AppStore|Any CPU = AppStore|Any CPU
		AppStore|ARM = AppStore|ARM
		AppStore|iPhone = AppStore|iPhone
		AppStore|iPhoneSimulator = AppStore|iPhoneSimulator
		AppStore|x64 = AppStore|x64
		AppStore|x86 = AppStore|x86
		Debug|Any CPU = Debug|Any CPU
		Debug|ARM = Debug|ARM
		Debug|iPhone = Debug|iPhone
		Debug|iPhoneSimulator = Debug|iPhoneSimulator
		Debug|x64 = Debug|x64
		Debug|x86 = Debug|x86
		Release|Any CPU = Release|Any CPU
		Release|ARM = Release|ARM
		Release|iPhone = Release|iPhone
		Release|iPhoneSimulator = Release|iPhoneSimulator
		Release|x64 = Release|x64
		Release|x86 = Release|x86
	EndGlobalSection
	GlobalSection(ProjectConfigurationPlatforms) = postSolution
		{8E7D5008-31AB-457B-BF42-BAF230134A9E}.Ad-Hoc|Any CPU.ActiveCfg = Release|Any CPU
		{8E7D5008-31AB-457B-BF42-BAF230134A9E}.Ad-Hoc|Any CPU.Build.0 = Release|Any CPU
		{8E7D5008-31AB-457B-BF42-BAF230134A9E}.Ad-Hoc|Any CPU.Deploy.0 = Release|Any CPU
		{8E7D5008-31AB-457B-BF42-BAF230134A9E}.Ad-Hoc|ARM.ActiveCfg = Release|Any CPU
		{8E7D5008-31AB-457B-BF42-BAF230134A9E}.Ad-Hoc|ARM.Build.0 = Release|Any CPU
		{8E7D5008-31AB-457B-BF42-BAF230134A9E}.Ad-Hoc|ARM.Deploy.0 = Release|Any CPU
		{8E7D5008-31AB-457B-BF42-BAF230134A9E}.Ad-Hoc|iPhone.ActiveCfg = Release|Any CPU
		{8E7D5008-31AB-457B-BF42-BAF230134A9E}.Ad-Hoc|iPhone.Build.0 = Release|Any CPU
		{8E7D5008-31AB-457B-BF42-BAF230134A9E}.Ad-Hoc|iPhone.Deploy.0 = Release|Any CPU
		{8E7D5008-31AB-457B-BF42-BAF230134A9E}.Ad-Hoc|iPhoneSimulator.ActiveCfg = Release|Any CPU
		{8E7D5008-31AB-457B-BF42-BAF230134A9E}.Ad-Hoc|iPhoneSimulator.Build.0 = Release|Any CPU
		{8E7D5008-31AB-457B-BF42-BAF230134A9E}.Ad-Hoc|iPhoneSimulator.Deploy.0 = Release|Any CPU
		{8E7D5008-31AB-457B-BF42-BAF230134A9E}.Ad-Hoc|x64.ActiveCfg = Release|Any CPU
		{8E7D5008-31AB-457B-BF42-BAF230134A9E}.Ad-Hoc|x64.Build.0 = Release|Any CPU
		{8E7D5008-31AB-457B-BF42-BAF230134A9E}.Ad-Hoc|x64.Deploy.0 = Release|Any CPU
		{8E7D5008-31AB-457B-BF42-BAF230134A9E}.Ad-Hoc|x86.ActiveCfg = Release|Any CPU
		{8E7D5008-31AB-457B-BF42-BAF230134A9E}.Ad-Hoc|x86.Build.0 = Release|Any CPU
		{8E7D5008-31AB-457B-BF42-BAF230134A9E}.Ad-Hoc|x86.Deploy.0 = Release|Any CPU
		{8E7D5008-31AB-457B-BF42-BAF230134A9E}.AppStore|Any CPU.ActiveCfg = Release|Any CPU
		{8E7D5008-31AB-457B-BF42-BAF230134A9E}.AppStore|Any CPU.Build.0 = Release|Any CPU
		{8E7D5008-31AB-457B-BF42-BAF230134A9E}.AppStore|Any CPU.Deploy.0 = Release|Any CPU
		{8E7D5008-31AB-457B-BF42-BAF230134A9E}.AppStore|ARM.ActiveCfg = Release|Any CPU
		{8E7D5008-31AB-457B-BF42-BAF230134A9E}.AppStore|ARM.Build.0 = Release|Any CPU
		{8E7D5008-31AB-457B-BF42-BAF230134A9E}.AppStore|ARM.Deploy.0 = Release|Any CPU
		{8E7D5008-31AB-457B-BF42-BAF230134A9E}.AppStore|iPhone.ActiveCfg = Release|Any CPU
		{8E7D5008-31AB-457B-BF42-BAF230134A9E}.AppStore|iPhone.Build.0 = Release|Any CPU
		{8E7D5008-31AB-457B-BF42-BAF230134A9E}.AppStore|iPhone.Deploy.0 = Release|Any CPU
		{8E7D5008-31AB-457B-BF42-BAF230134A9E}.AppStore|iPhoneSimulator.ActiveCfg = Release|Any CPU
		{8E7D5008-31AB-457B-BF42-BAF230134A9E}.AppStore|iPhoneSimulator.Build.0 = Release|Any CPU
		{8E7D5008-31AB-457B-BF42-BAF230134A9E}.AppStore|iPhoneSimulator.Deploy.0 = Release|Any CPU
		{8E7D5008-31AB-457B-BF42-BAF230134A9E}.AppStore|x64.ActiveCfg = Release|Any CPU
		{8E7D5008-31AB-457B-BF42-BAF230134A9E}.AppStore|x64.Build.0 = Release|Any CPU
		{8E7D5008-31AB-457B-BF42-BAF230134A9E}.AppStore|x64.Deploy.0 = Release|Any CPU
		{8E7D5008-31AB-457B-BF42-BAF230134A9E}.AppStore|x86.ActiveCfg = Release|Any CPU
		{8E7D5008-31AB-457B-BF42-BAF230134A9E}.AppStore|x86.Build.0 = Release|Any CPU
		{8E7D5008-31AB-457B-BF42-BAF230134A9E}.AppStore|x86.Deploy.0 = Release|Any CPU
		{8E7D5008-31AB-457B-BF42-BAF230134A9E}.Debug|Any CPU.ActiveCfg = Debug|Any CPU
		{8E7D5008-31AB-457B-BF42-BAF230134A9E}.Debug|Any CPU.Build.0 = Debug|Any CPU
		{8E7D5008-31AB-457B-BF42-BAF230134A9E}.Debug|Any CPU.Deploy.0 = Debug|Any CPU
		{8E7D5008-31AB-457B-BF42-BAF230134A9E}.Debug|ARM.ActiveCfg = Debug|Any CPU
		{8E7D5008-31AB-457B-BF42-BAF230134A9E}.Debug|ARM.Build.0 = Debug|Any CPU
		{8E7D5008-31AB-457B-BF42-BAF230134A9E}.Debug|ARM.Deploy.0 = Debug|Any CPU
		{8E7D5008-31AB-457B-BF42-BAF230134A9E}.Debug|iPhone.ActiveCfg = Debug|Any CPU
		{8E7D5008-31AB-457B-BF42-BAF230134A9E}.Debug|iPhone.Build.0 = Debug|Any CPU
		{8E7D5008-31AB-457B-BF42-BAF230134A9E}.Debug|iPhone.Deploy.0 = Debug|Any CPU
		{8E7D5008-31AB-457B-BF42-BAF230134A9E}.Debug|iPhoneSimulator.ActiveCfg = Debug|Any CPU
		{8E7D5008-31AB-457B-BF42-BAF230134A9E}.Debug|iPhoneSimulator.Build.0 = Debug|Any CPU
		{8E7D5008-31AB-457B-BF42-BAF230134A9E}.Debug|iPhoneSimulator.Deploy.0 = Debug|Any CPU
		{8E7D5008-31AB-457B-BF42-BAF230134A9E}.Debug|x64.ActiveCfg = Debug|Any CPU
		{8E7D5008-31AB-457B-BF42-BAF230134A9E}.Debug|x64.Build.0 = Debug|Any CPU
		{8E7D5008-31AB-457B-BF42-BAF230134A9E}.Debug|x64.Deploy.0 = Debug|Any CPU
		{8E7D5008-31AB-457B-BF42-BAF230134A9E}.Debug|x86.ActiveCfg = Debug|Any CPU
		{8E7D5008-31AB-457B-BF42-BAF230134A9E}.Debug|x86.Build.0 = Debug|Any CPU
		{8E7D5008-31AB-457B-BF42-BAF230134A9E}.Debug|x86.Deploy.0 = Debug|Any CPU
		{8E7D5008-31AB-457B-BF42-BAF230134A9E}.Release|Any CPU.ActiveCfg = Release|Any CPU
		{8E7D5008-31AB-457B-BF42-BAF230134A9E}.Release|Any CPU.Build.0 = Release|Any CPU
		{8E7D5008-31AB-457B-BF42-BAF230134A9E}.Release|Any CPU.Deploy.0 = Release|Any CPU
		{8E7D5008-31AB-457B-BF42-BAF230134A9E}.Release|ARM.ActiveCfg = Release|Any CPU
		{8E7D5008-31AB-457B-BF42-BAF230134A9E}.Release|ARM.Build.0 = Release|Any CPU
		{8E7D5008-31AB-457B-BF42-BAF230134A9E}.Release|ARM.Deploy.0 = Release|Any CPU
		{8E7D5008-31AB-457B-BF42-BAF230134A9E}.Release|iPhone.ActiveCfg = Release|Any CPU
		{8E7D5008-31AB-457B-BF42-BAF230134A9E}.Release|iPhone.Build.0 = Release|Any CPU
		{8E7D5008-31AB-457B-BF42-BAF230134A9E}.Release|iPhone.Deploy.0 = Release|Any CPU
		{8E7D5008-31AB-457B-BF42-BAF230134A9E}.Release|iPhoneSimulator.ActiveCfg = Release|Any CPU
		{8E7D5008-31AB-457B-BF42-BAF230134A9E}.Release|iPhoneSimulator.Build.0 = Release|Any CPU
		{8E7D5008-31AB-457B-BF42-BAF230134A9E}.Release|iPhoneSimulator.Deploy.0 = Release|Any CPU
		{8E7D5008-31AB-457B-BF42-BAF230134A9E}.Release|x64.ActiveCfg = Release|Any CPU
		{8E7D5008-31AB-457B-BF42-BAF230134A9E}.Release|x64.Build.0 = Release|Any CPU
		{8E7D5008-31AB-457B-BF42-BAF230134A9E}.Release|x64.Deploy.0 = Release|Any CPU
		{8E7D5008-31AB-457B-BF42-BAF230134A9E}.Release|x86.ActiveCfg = Release|Any CPU
		{8E7D5008-31AB-457B-BF42-BAF230134A9E}.Release|x86.Build.0 = Release|Any CPU
		{8E7D5008-31AB-457B-BF42-BAF230134A9E}.Release|x86.Deploy.0 = Release|Any CPU
		{813E5BAB-5FB4-4967-8882-F4B0C0EED07F}.Ad-Hoc|Any CPU.ActiveCfg = Ad-Hoc|iPhoneSimulator
		{813E5BAB-5FB4-4967-8882-F4B0C0EED07F}.Ad-Hoc|ARM.ActiveCfg = Ad-Hoc|iPhone
		{813E5BAB-5FB4-4967-8882-F4B0C0EED07F}.Ad-Hoc|iPhone.ActiveCfg = Ad-Hoc|iPhone
		{813E5BAB-5FB4-4967-8882-F4B0C0EED07F}.Ad-Hoc|iPhone.Build.0 = Ad-Hoc|iPhone
		{813E5BAB-5FB4-4967-8882-F4B0C0EED07F}.Ad-Hoc|iPhoneSimulator.ActiveCfg = Ad-Hoc|iPhoneSimulator
		{813E5BAB-5FB4-4967-8882-F4B0C0EED07F}.Ad-Hoc|iPhoneSimulator.Build.0 = Ad-Hoc|iPhoneSimulator
		{813E5BAB-5FB4-4967-8882-F4B0C0EED07F}.Ad-Hoc|x64.ActiveCfg = Ad-Hoc|iPhone
		{813E5BAB-5FB4-4967-8882-F4B0C0EED07F}.Ad-Hoc|x86.ActiveCfg = Ad-Hoc|iPhone
		{813E5BAB-5FB4-4967-8882-F4B0C0EED07F}.AppStore|Any CPU.ActiveCfg = AppStore|iPhoneSimulator
		{813E5BAB-5FB4-4967-8882-F4B0C0EED07F}.AppStore|ARM.ActiveCfg = AppStore|iPhone
		{813E5BAB-5FB4-4967-8882-F4B0C0EED07F}.AppStore|iPhone.ActiveCfg = AppStore|iPhone
		{813E5BAB-5FB4-4967-8882-F4B0C0EED07F}.AppStore|iPhone.Build.0 = AppStore|iPhone
		{813E5BAB-5FB4-4967-8882-F4B0C0EED07F}.AppStore|iPhoneSimulator.ActiveCfg = AppStore|iPhoneSimulator
		{813E5BAB-5FB4-4967-8882-F4B0C0EED07F}.AppStore|iPhoneSimulator.Build.0 = AppStore|iPhoneSimulator
		{813E5BAB-5FB4-4967-8882-F4B0C0EED07F}.AppStore|x64.ActiveCfg = AppStore|iPhone
		{813E5BAB-5FB4-4967-8882-F4B0C0EED07F}.AppStore|x86.ActiveCfg = AppStore|iPhone
		{813E5BAB-5FB4-4967-8882-F4B0C0EED07F}.Debug|Any CPU.ActiveCfg = Debug|iPhoneSimulator
		{813E5BAB-5FB4-4967-8882-F4B0C0EED07F}.Debug|ARM.ActiveCfg = Debug|iPhone
		{813E5BAB-5FB4-4967-8882-F4B0C0EED07F}.Debug|iPhone.ActiveCfg = Debug|iPhone
		{813E5BAB-5FB4-4967-8882-F4B0C0EED07F}.Debug|iPhone.Build.0 = Debug|iPhone
		{813E5BAB-5FB4-4967-8882-F4B0C0EED07F}.Debug|iPhoneSimulator.ActiveCfg = Debug|iPhoneSimulator
		{813E5BAB-5FB4-4967-8882-F4B0C0EED07F}.Debug|iPhoneSimulator.Build.0 = Debug|iPhoneSimulator
		{813E5BAB-5FB4-4967-8882-F4B0C0EED07F}.Debug|x64.ActiveCfg = Debug|iPhone
		{813E5BAB-5FB4-4967-8882-F4B0C0EED07F}.Debug|x86.ActiveCfg = Debug|iPhone
		{813E5BAB-5FB4-4967-8882-F4B0C0EED07F}.Release|Any CPU.ActiveCfg = Release|iPhoneSimulator
		{813E5BAB-5FB4-4967-8882-F4B0C0EED07F}.Release|ARM.ActiveCfg = Release|iPhone
		{813E5BAB-5FB4-4967-8882-F4B0C0EED07F}.Release|iPhone.ActiveCfg = Release|iPhone
		{813E5BAB-5FB4-4967-8882-F4B0C0EED07F}.Release|iPhone.Build.0 = Release|iPhone
		{813E5BAB-5FB4-4967-8882-F4B0C0EED07F}.Release|iPhoneSimulator.ActiveCfg = Release|iPhoneSimulator
		{813E5BAB-5FB4-4967-8882-F4B0C0EED07F}.Release|iPhoneSimulator.Build.0 = Release|iPhoneSimulator
		{813E5BAB-5FB4-4967-8882-F4B0C0EED07F}.Release|x64.ActiveCfg = Release|iPhone
		{813E5BAB-5FB4-4967-8882-F4B0C0EED07F}.Release|x86.ActiveCfg = Release|iPhone
		{4788BA26-6C1E-4819-A710-B07084A3961D}.Ad-Hoc|Any CPU.ActiveCfg = Release|x86
		{4788BA26-6C1E-4819-A710-B07084A3961D}.Ad-Hoc|Any CPU.Build.0 = Release|x86
		{4788BA26-6C1E-4819-A710-B07084A3961D}.Ad-Hoc|Any CPU.Deploy.0 = Release|x86
		{4788BA26-6C1E-4819-A710-B07084A3961D}.Ad-Hoc|ARM.ActiveCfg = Release|ARM
		{4788BA26-6C1E-4819-A710-B07084A3961D}.Ad-Hoc|ARM.Build.0 = Release|ARM
		{4788BA26-6C1E-4819-A710-B07084A3961D}.Ad-Hoc|ARM.Deploy.0 = Release|ARM
		{4788BA26-6C1E-4819-A710-B07084A3961D}.Ad-Hoc|iPhone.ActiveCfg = Release|x86
		{4788BA26-6C1E-4819-A710-B07084A3961D}.Ad-Hoc|iPhone.Build.0 = Release|x86
		{4788BA26-6C1E-4819-A710-B07084A3961D}.Ad-Hoc|iPhone.Deploy.0 = Release|x86
		{4788BA26-6C1E-4819-A710-B07084A3961D}.Ad-Hoc|iPhoneSimulator.ActiveCfg = Release|x86
		{4788BA26-6C1E-4819-A710-B07084A3961D}.Ad-Hoc|iPhoneSimulator.Build.0 = Release|x86
		{4788BA26-6C1E-4819-A710-B07084A3961D}.Ad-Hoc|iPhoneSimulator.Deploy.0 = Release|x86
		{4788BA26-6C1E-4819-A710-B07084A3961D}.Ad-Hoc|x64.ActiveCfg = Release|x64
		{4788BA26-6C1E-4819-A710-B07084A3961D}.Ad-Hoc|x64.Build.0 = Release|x64
		{4788BA26-6C1E-4819-A710-B07084A3961D}.Ad-Hoc|x64.Deploy.0 = Release|x64
		{4788BA26-6C1E-4819-A710-B07084A3961D}.Ad-Hoc|x86.ActiveCfg = Release|x86
		{4788BA26-6C1E-4819-A710-B07084A3961D}.Ad-Hoc|x86.Build.0 = Release|x86
		{4788BA26-6C1E-4819-A710-B07084A3961D}.Ad-Hoc|x86.Deploy.0 = Release|x86
		{4788BA26-6C1E-4819-A710-B07084A3961D}.AppStore|Any CPU.ActiveCfg = Release|x86
		{4788BA26-6C1E-4819-A710-B07084A3961D}.AppStore|Any CPU.Build.0 = Release|x86
		{4788BA26-6C1E-4819-A710-B07084A3961D}.AppStore|Any CPU.Deploy.0 = Release|x86
		{4788BA26-6C1E-4819-A710-B07084A3961D}.AppStore|ARM.ActiveCfg = Release|ARM
		{4788BA26-6C1E-4819-A710-B07084A3961D}.AppStore|ARM.Build.0 = Release|ARM
		{4788BA26-6C1E-4819-A710-B07084A3961D}.AppStore|ARM.Deploy.0 = Release|ARM
		{4788BA26-6C1E-4819-A710-B07084A3961D}.AppStore|iPhone.ActiveCfg = Release|x86
		{4788BA26-6C1E-4819-A710-B07084A3961D}.AppStore|iPhone.Build.0 = Release|x86
		{4788BA26-6C1E-4819-A710-B07084A3961D}.AppStore|iPhone.Deploy.0 = Release|x86
		{4788BA26-6C1E-4819-A710-B07084A3961D}.AppStore|iPhoneSimulator.ActiveCfg = Release|x86
		{4788BA26-6C1E-4819-A710-B07084A3961D}.AppStore|iPhoneSimulator.Build.0 = Release|x86
		{4788BA26-6C1E-4819-A710-B07084A3961D}.AppStore|iPhoneSimulator.Deploy.0 = Release|x86
		{4788BA26-6C1E-4819-A710-B07084A3961D}.AppStore|x64.ActiveCfg = Release|x64
		{4788BA26-6C1E-4819-A710-B07084A3961D}.AppStore|x64.Build.0 = Release|x64
		{4788BA26-6C1E-4819-A710-B07084A3961D}.AppStore|x64.Deploy.0 = Release|x64
		{4788BA26-6C1E-4819-A710-B07084A3961D}.AppStore|x86.ActiveCfg = Release|x86
		{4788BA26-6C1E-4819-A710-B07084A3961D}.AppStore|x86.Build.0 = Release|x86
		{4788BA26-6C1E-4819-A710-B07084A3961D}.AppStore|x86.Deploy.0 = Release|x86
		{4788BA26-6C1E-4819-A710-B07084A3961D}.Debug|Any CPU.ActiveCfg = Debug|x86
		{4788BA26-6C1E-4819-A710-B07084A3961D}.Debug|ARM.ActiveCfg = Debug|ARM
		{4788BA26-6C1E-4819-A710-B07084A3961D}.Debug|ARM.Build.0 = Debug|ARM
		{4788BA26-6C1E-4819-A710-B07084A3961D}.Debug|ARM.Deploy.0 = Debug|ARM
		{4788BA26-6C1E-4819-A710-B07084A3961D}.Debug|iPhone.ActiveCfg = Debug|x86
		{4788BA26-6C1E-4819-A710-B07084A3961D}.Debug|iPhoneSimulator.ActiveCfg = Debug|x86
		{4788BA26-6C1E-4819-A710-B07084A3961D}.Debug|x64.ActiveCfg = Debug|x64
		{4788BA26-6C1E-4819-A710-B07084A3961D}.Debug|x64.Build.0 = Debug|x64
		{4788BA26-6C1E-4819-A710-B07084A3961D}.Debug|x64.Deploy.0 = Debug|x64
		{4788BA26-6C1E-4819-A710-B07084A3961D}.Debug|x86.ActiveCfg = Debug|x86
		{4788BA26-6C1E-4819-A710-B07084A3961D}.Debug|x86.Build.0 = Debug|x86
		{4788BA26-6C1E-4819-A710-B07084A3961D}.Debug|x86.Deploy.0 = Debug|x86
		{4788BA26-6C1E-4819-A710-B07084A3961D}.Release|Any CPU.ActiveCfg = Release|x86
		{4788BA26-6C1E-4819-A710-B07084A3961D}.Release|ARM.ActiveCfg = Release|ARM
		{4788BA26-6C1E-4819-A710-B07084A3961D}.Release|ARM.Build.0 = Release|ARM
		{4788BA26-6C1E-4819-A710-B07084A3961D}.Release|ARM.Deploy.0 = Release|ARM
		{4788BA26-6C1E-4819-A710-B07084A3961D}.Release|iPhone.ActiveCfg = Release|x86
		{4788BA26-6C1E-4819-A710-B07084A3961D}.Release|iPhoneSimulator.ActiveCfg = Release|x86
		{4788BA26-6C1E-4819-A710-B07084A3961D}.Release|x64.ActiveCfg = Release|x64
		{4788BA26-6C1E-4819-A710-B07084A3961D}.Release|x64.Build.0 = Release|x64
		{4788BA26-6C1E-4819-A710-B07084A3961D}.Release|x64.Deploy.0 = Release|x64
		{4788BA26-6C1E-4819-A710-B07084A3961D}.Release|x86.ActiveCfg = Release|x86
		{4788BA26-6C1E-4819-A710-B07084A3961D}.Release|x86.Build.0 = Release|x86
		{4788BA26-6C1E-4819-A710-B07084A3961D}.Release|x86.Deploy.0 = Release|x86
	EndGlobalSection
	GlobalSection(SolutionProperties) = preSolution
		HideSolutionNode = FALSE
	EndGlobalSection
	GlobalSection(ExtensibilityGlobals) = postSolution
		SolutionGuid = {053CEC56-B75B-41F5-9F90-083B91BB7F6E}
	EndGlobalSection
EndGlobal
